schema: '2.0'
stages:
  large_n_data:
    cmd: uv run python data/large_n/main.py
    deps:
    - path: data/large_n/main.py
      hash: md5
      md5: 1311a62921085a7498c83b152a0be0f6
      size: 9571
    - path: src/public_goods_games
      hash: md5
      md5: ac2233394a9961901dcbf1ac5b49d9a3.dir
      size: 21789
      nfiles: 4
  ceiling_extrinsic:
    cmd: uv run python analysis/ceiling_extrinsic/main.py
    deps:
    - path: analysis/ceiling_extrinsic/main.py
      hash: md5
      md5: 12f39d9d2146fc993bfe8aa795cc92ea
      size: 12066
    - path: data/sweep/fermi_mu_eq_0.001
      hash: md5
      md5: b845c5120ada63f2e24d73a6ac146053.dir
      size: 1710185
      nfiles: 2
    - path: data/sweep/fermi_mu_eq_0.005
      hash: md5
      md5: e80b8dd404ccaf300b0ec3f6a8391096.dir
      size: 1708912
      nfiles: 2
    - path: data/sweep/fermi_mu_eq_0.05
      hash: md5
      md5: 401cc52d0af378efb2cd77a928a2cf4b.dir
      size: 1692195
      nfiles: 2
    - path: data/sweep/fermi_mu_eq_0.1
      hash: md5
      md5: e1edcffa50442317694df998a762460e.dir
      size: 1677931
      nfiles: 2
    - path: data/sweep/moran_mu_eq_0.001
      hash: md5
      md5: 90020b417e61180c2a9a4216f22bef46.dir
      size: 1638277
      nfiles: 2
    - path: data/sweep/moran_mu_eq_0.005
      hash: md5
      md5: 9a74af78d0317d82ce01178b2f31ddce.dir
      size: 1643688
      nfiles: 2
    - path: data/sweep/moran_mu_eq_0.05
      hash: md5
      md5: 9958fff42fc76f4f52c1e880874c02f7.dir
      size: 1638097
      nfiles: 2
    - path: data/sweep/moran_mu_eq_0.1
      hash: md5
      md5: c8b2dd703ff62311961173dd7f8f9cc0.dir
      size: 1627499
      nfiles: 2
    - path: src/public_goods_games
      hash: md5
      md5: 1a3a0645011d23301077ef99d641a269.dir
      size: 21789
      nfiles: 4
  ceiling_intrinsic:
    cmd: uv run python analysis/ceiling_intrinsic/main.py
    deps:
    - path: analysis/ceiling_intrinsic/main.py
      hash: md5
      md5: 4fd10e573e9cb6d4533bfa0faa1c5cf9
      size: 10225
    - path: data/sweep/aspiration_mu_eq_0.001
      hash: md5
      md5: ffa364934e6f928af9536d4404b93741.dir
      size: 18793877
      nfiles: 2
    - path: data/sweep/aspiration_mu_eq_0.005
      hash: md5
      md5: 523e1a9dcebed50b9d1d90257f2a6ea3.dir
      size: 18793864
      nfiles: 2
    - path: data/sweep/aspiration_mu_eq_0.05
      hash: md5
      md5: 0cf1facc04b234cd077f4e506b757385.dir
      size: 18718369
      nfiles: 2
    - path: data/sweep/aspiration_mu_eq_0.1
      hash: md5
      md5: c5fc3cfc276c805f27da8211855cd644.dir
      size: 18650683
      nfiles: 2
    - path: data/sweep/introspection_mu_eq_0.001
      hash: md5
      md5: 60e096e7e952419ef72c92190eeb76fa.dir
      size: 1599444
      nfiles: 2
    - path: data/sweep/introspection_mu_eq_0.005
      hash: md5
      md5: cd25490b57794214b32640f3a727d226.dir
      size: 1599444
      nfiles: 2
    - path: data/sweep/introspection_mu_eq_0.05
      hash: md5
      md5: 040eb4adbb9074579a80228084080ecf.dir
      size: 1591252
      nfiles: 2
    - path: data/sweep/introspection_mu_eq_0.1
      hash: md5
      md5: 0003f02c2d4a57a62b292b7a9a27a476.dir
      size: 1583060
      nfiles: 2
    - path: src/public_goods_games
      hash: md5
      md5: 1a3a0645011d23301077ef99d641a269.dir
      size: 21789
      nfiles: 4
  ceiling_overview:
    cmd: uv run python analysis/ceiling_overview/main.py
    deps:
    - path: analysis/ceiling_overview/main.py
      hash: md5
      md5: 1fd5f22b2ce442a5411ba05945b2e929
      size: 6105
    - path: data/sweep/aspiration_mu_eq_0.001
      hash: md5
      md5: ffa364934e6f928af9536d4404b93741.dir
      size: 18793877
      nfiles: 2
    - path: data/sweep/aspiration_mu_eq_0.005
      hash: md5
      md5: 523e1a9dcebed50b9d1d90257f2a6ea3.dir
      size: 18793864
      nfiles: 2
    - path: data/sweep/aspiration_mu_eq_0.05
      hash: md5
      md5: 0cf1facc04b234cd077f4e506b757385.dir
      size: 18718369
      nfiles: 2
    - path: data/sweep/aspiration_mu_eq_0.1
      hash: md5
      md5: c5fc3cfc276c805f27da8211855cd644.dir
      size: 18650683
      nfiles: 2
    - path: data/sweep/fermi_mu_eq_0.001
      hash: md5
      md5: b845c5120ada63f2e24d73a6ac146053.dir
      size: 1710185
      nfiles: 2
    - path: data/sweep/fermi_mu_eq_0.005
      hash: md5
      md5: e80b8dd404ccaf300b0ec3f6a8391096.dir
      size: 1708912
      nfiles: 2
    - path: data/sweep/fermi_mu_eq_0.05
      hash: md5
      md5: 401cc52d0af378efb2cd77a928a2cf4b.dir
      size: 1692195
      nfiles: 2
    - path: data/sweep/fermi_mu_eq_0.1
      hash: md5
      md5: e1edcffa50442317694df998a762460e.dir
      size: 1677931
      nfiles: 2
    - path: data/sweep/introspection_mu_eq_0.001
      hash: md5
      md5: 60e096e7e952419ef72c92190eeb76fa.dir
      size: 1599444
      nfiles: 2
    - path: data/sweep/introspection_mu_eq_0.005
      hash: md5
      md5: cd25490b57794214b32640f3a727d226.dir
      size: 1599444
      nfiles: 2
    - path: data/sweep/introspection_mu_eq_0.05
      hash: md5
      md5: 040eb4adbb9074579a80228084080ecf.dir
      size: 1591252
      nfiles: 2
    - path: data/sweep/introspection_mu_eq_0.1
      hash: md5
      md5: 0003f02c2d4a57a62b292b7a9a27a476.dir
      size: 1583060
      nfiles: 2
    - path: data/sweep/moran_mu_eq_0.001
      hash: md5
      md5: 90020b417e61180c2a9a4216f22bef46.dir
      size: 1638277
      nfiles: 2
    - path: data/sweep/moran_mu_eq_0.005
      hash: md5
      md5: 9a74af78d0317d82ce01178b2f31ddce.dir
      size: 1643688
      nfiles: 2
    - path: data/sweep/moran_mu_eq_0.05
      hash: md5
      md5: 9958fff42fc76f4f52c1e880874c02f7.dir
      size: 1638097
      nfiles: 2
    - path: data/sweep/moran_mu_eq_0.1
      hash: md5
      md5: c8b2dd703ff62311961173dd7f8f9cc0.dir
      size: 1627499
      nfiles: 2
    - path: src/public_goods_games
      hash: md5
      md5: 1a3a0645011d23301077ef99d641a269.dir
      size: 21789
      nfiles: 4
  ceiling_conclusion:
    cmd: uv run python analysis/ceiling_conclusion/main.py
    deps:
    - path: analysis/ceiling_conclusion/main.py
      hash: md5
      md5: 9dfdf6eed58d85f5ba0539da8bb7765b
      size: 5699
    - path: src/public_goods_games
      hash: md5
      md5: 1a3a0645011d23301077ef99d641a269.dir
      size: 21789
      nfiles: 4
  ceiling_large_n:
    cmd: uv run python analysis/ceiling_large_n/main.py
    deps:
    - path: analysis/ceiling_large_n/main.py
      hash: md5
      md5: 6fbc6679165f379e38f3b9bd40d355c0
      size: 7099
    - path: data/large_n/exact.csv
      hash: md5
      md5: 913762f37e41ceaee32ba0f70787e1f9
      size: 334
    - path: data/large_n/simulations.csv
      hash: md5
      md5: 75c93022ba53aa49ed203a4e40af3aa0
      size: 65521
    - path: data/large_n/threshold.csv
      hash: md5
      md5: 9296a309f3ecc419ee2c7eb7100c3a43
      size: 9268
    - path: src/public_goods_games
      hash: md5
      md5: 1a3a0645011d23301077ef99d641a269.dir
      size: 21789
      nfiles: 4
