schema: '2.0'
stages:
  large_n_data:
    cmd: uv run python data/large_n/main.py
    deps:
    - path: data/large_n/main.py
      hash: md5
      md5: 1311a62921085a7498c83b152a0be0f6
      size: 9571
    - path: src/public_goods_games
      hash: md5
      md5: ac2233394a9961901dcbf1ac5b49d9a3.dir
      size: 21789
      nfiles: 4
  ceiling_extrinsic:
    cmd: uv run python analysis/ceiling_extrinsic/main.py
    deps:
    - path: analysis/ceiling_extrinsic/main.py
      hash: md5
      md5: ecf2d56250ed0351822582029c3da301
      size: 12913
    - path: data/sweep/fermi_mu_eq_0.001
      hash: md5
      md5: 984f10f031deb5d36bca454c3045ea3c.dir
      size: 1718905
      nfiles: 4
    - path: data/sweep/fermi_mu_eq_0.005
      hash: md5
      md5: 57fd3491ad2cba5b0dff46eddde1bbb4.dir
      size: 1717632
      nfiles: 4
    - path: data/sweep/fermi_mu_eq_0.05
      hash: md5
      md5: c715a02f56724211601cd3da6bc1ba48.dir
      size: 1700915
      nfiles: 4
    - path: data/sweep/fermi_mu_eq_0.1
      hash: md5
      md5: c793a79730fae7043389b72acd976815.dir
      size: 1686651
      nfiles: 4
    - path: data/sweep/moran_mu_eq_0.001
      hash: md5
      md5: 86b94ae0ca93e10ed660744cdfc01cd6.dir
      size: 1719071
      nfiles: 4
    - path: data/sweep/moran_mu_eq_0.005
      hash: md5
      md5: 11a5298214ae03d9eafa4ea32d440138.dir
      size: 1724633
      nfiles: 4
    - path: data/sweep/moran_mu_eq_0.05
      hash: md5
      md5: 40ca26b60cbc2f8bacedcca1a18963b3.dir
      size: 1719258
      nfiles: 4
    - path: data/sweep/moran_mu_eq_0.1
      hash: md5
      md5: d34884758c3c0221b6101e2fc9c4df26.dir
      size: 1708820
      nfiles: 4
    - path: src/public_goods_games
      hash: md5
      md5: 1a3a0645011d23301077ef99d641a269.dir
      size: 21789
      nfiles: 4
  ceiling_intrinsic:
    cmd: uv run python analysis/ceiling_intrinsic/main.py
    deps:
    - path: analysis/ceiling_intrinsic/main.py
      hash: md5
      md5: 4fd10e573e9cb6d4533bfa0faa1c5cf9
      size: 10225
    - path: data/sweep/aspiration_mu_eq_0.001
      hash: md5
      md5: c9cb998fd18a831f247df10a5d4aa05a.dir
      size: 18793877
      nfiles: 2
    - path: data/sweep/aspiration_mu_eq_0.005
      hash: md5
      md5: 20f0f1bd773e2c9e03c83c74e90337a7.dir
      size: 18793864
      nfiles: 2
    - path: data/sweep/aspiration_mu_eq_0.05
      hash: md5
      md5: b5f1a9f908f68909dc82e080782430c9.dir
      size: 18718369
      nfiles: 2
    - path: data/sweep/aspiration_mu_eq_0.1
      hash: md5
      md5: 3d393d2ac9dae499d03e39baf2ea29ca.dir
      size: 18650683
      nfiles: 2
    - path: data/sweep/introspection_mu_eq_0.001
      hash: md5
      md5: e42ded9ccc6c5cd426bc043601cfb161.dir
      size: 1736312
      nfiles: 4
    - path: data/sweep/introspection_mu_eq_0.005
      hash: md5
      md5: 3433fe366f0f7d0df04421110a42efaf.dir
      size: 1736312
      nfiles: 4
    - path: data/sweep/introspection_mu_eq_0.05
      hash: md5
      md5: 9fb19a0f885c0b3b1293bab3ffa24956.dir
      size: 1728120
      nfiles: 4
    - path: data/sweep/introspection_mu_eq_0.1
      hash: md5
      md5: c19bd3276074c3cc650ddf8c413d8351.dir
      size: 1719928
      nfiles: 4
    - path: src/public_goods_games
      hash: md5
      md5: 1a3a0645011d23301077ef99d641a269.dir
      size: 21789
      nfiles: 4
  ceiling_overview:
    cmd: uv run python analysis/ceiling_overview/main.py
    deps:
    - path: analysis/ceiling_overview/main.py
      hash: md5
      md5: e8ceb77bcffbbfd840122b419efdff63
      size: 6874
    - path: data/sweep/aspiration_mu_eq_0.001
      hash: md5
      md5: c9cb998fd18a831f247df10a5d4aa05a.dir
      size: 18793877
      nfiles: 2
    - path: data/sweep/aspiration_mu_eq_0.005
      hash: md5
      md5: 20f0f1bd773e2c9e03c83c74e90337a7.dir
      size: 18793864
      nfiles: 2
    - path: data/sweep/aspiration_mu_eq_0.05
      hash: md5
      md5: b5f1a9f908f68909dc82e080782430c9.dir
      size: 18718369
      nfiles: 2
    - path: data/sweep/aspiration_mu_eq_0.1
      hash: md5
      md5: 3d393d2ac9dae499d03e39baf2ea29ca.dir
      size: 18650683
      nfiles: 2
    - path: data/sweep/fermi_mu_eq_0.001
      hash: md5
      md5: 984f10f031deb5d36bca454c3045ea3c.dir
      size: 1718905
      nfiles: 4
    - path: data/sweep/fermi_mu_eq_0.005
      hash: md5
      md5: 57fd3491ad2cba5b0dff46eddde1bbb4.dir
      size: 1717632
      nfiles: 4
    - path: data/sweep/fermi_mu_eq_0.05
      hash: md5
      md5: c715a02f56724211601cd3da6bc1ba48.dir
      size: 1700915
      nfiles: 4
    - path: data/sweep/fermi_mu_eq_0.1
      hash: md5
      md5: c793a79730fae7043389b72acd976815.dir
      size: 1686651
      nfiles: 4
    - path: data/sweep/introspection_mu_eq_0.001
      hash: md5
      md5: e42ded9ccc6c5cd426bc043601cfb161.dir
      size: 1736312
      nfiles: 4
    - path: data/sweep/introspection_mu_eq_0.005
      hash: md5
      md5: 3433fe366f0f7d0df04421110a42efaf.dir
      size: 1736312
      nfiles: 4
    - path: data/sweep/introspection_mu_eq_0.05
      hash: md5
      md5: 9fb19a0f885c0b3b1293bab3ffa24956.dir
      size: 1728120
      nfiles: 4
    - path: data/sweep/introspection_mu_eq_0.1
      hash: md5
      md5: c19bd3276074c3cc650ddf8c413d8351.dir
      size: 1719928
      nfiles: 4
    - path: data/sweep/moran_mu_eq_0.001
      hash: md5
      md5: 86b94ae0ca93e10ed660744cdfc01cd6.dir
      size: 1719071
      nfiles: 4
    - path: data/sweep/moran_mu_eq_0.005
      hash: md5
      md5: 11a5298214ae03d9eafa4ea32d440138.dir
      size: 1724633
      nfiles: 4
    - path: data/sweep/moran_mu_eq_0.05
      hash: md5
      md5: 40ca26b60cbc2f8bacedcca1a18963b3.dir
      size: 1719258
      nfiles: 4
    - path: data/sweep/moran_mu_eq_0.1
      hash: md5
      md5: d34884758c3c0221b6101e2fc9c4df26.dir
      size: 1708820
      nfiles: 4
    - path: src/public_goods_games
      hash: md5
      md5: 1a3a0645011d23301077ef99d641a269.dir
      size: 21789
      nfiles: 4
  ceiling_conclusion:
    cmd: uv run python analysis/ceiling_conclusion/main.py
    deps:
    - path: analysis/ceiling_conclusion/main.py
      hash: md5
      md5: 9dfdf6eed58d85f5ba0539da8bb7765b
      size: 5699
    - path: src/public_goods_games
      hash: md5
      md5: 1a3a0645011d23301077ef99d641a269.dir
      size: 21789
      nfiles: 4
  ceiling_large_n:
    cmd: uv run python analysis/ceiling_large_n/main.py
    deps:
    - path: analysis/ceiling_large_n/main.py
      hash: md5
      md5: 262ef0e567c022884b63d51460168957
      size: 7200
    - path: data/large_n/exact.csv
      hash: md5
      md5: 20e972c30dc33c96344c29b549547106
      size: 1317
    - path: data/large_n/simulations.csv
      hash: md5
      md5: 05894211d65341491d1fca4f01ff7172
      size: 178236
    - path: data/large_n/threshold.csv
      hash: md5
      md5: d8ca71809f28db91cea31a7a315f0435
      size: 9268
    - path: src/public_goods_games
      hash: md5
      md5: 1a3a0645011d23301077ef99d641a269.dir
      size: 21789
      nfiles: 4
  generate_data:
    cmd: rm -f data/large_n/_stet_*.sqlite && parallel --bar --joblog 
      data/jobs.log < data/jobs.txt
    deps:
    - path: data/jobs.txt
      hash: md5
      md5: d8110113b69f54e8d05ebec8c23928b6
      size: 1039
    - path: data/large_n/main.py
      hash: md5
      md5: 8a1d2a63b5f483d38ad17ce6d3329f8a
      size: 9611
    - path: data/sweep/main.py
      hash: md5
      md5: b3424eface735f848b0b54018f14c85a
      size: 6969
    - path: src/public_goods_games
      hash: md5
      md5: 1a3a0645011d23301077ef99d641a269.dir
      size: 21789
      nfiles: 4
    outs:
    - path: data/large_n/exact.csv
      hash: md5
      md5: 20e972c30dc33c96344c29b549547106
      size: 1317
    - path: data/large_n/simulations.csv
      hash: md5
      md5: 05894211d65341491d1fca4f01ff7172
      size: 178236
    - path: data/large_n/threshold.csv
      hash: md5
      md5: d8ca71809f28db91cea31a7a315f0435
      size: 9268
    - path: data/sweep/aspiration_mu_eq_0.001
      hash: md5
      md5: c9cb998fd18a831f247df10a5d4aa05a.dir
      size: 18793877
      nfiles: 2
    - path: data/sweep/aspiration_mu_eq_0.005
      hash: md5
      md5: 20f0f1bd773e2c9e03c83c74e90337a7.dir
      size: 18793864
      nfiles: 2
    - path: data/sweep/aspiration_mu_eq_0.05
      hash: md5
      md5: b5f1a9f908f68909dc82e080782430c9.dir
      size: 18718369
      nfiles: 2
    - path: data/sweep/aspiration_mu_eq_0.1
      hash: md5
      md5: 3d393d2ac9dae499d03e39baf2ea29ca.dir
      size: 18650683
      nfiles: 2
    - path: data/sweep/fermi_mu_eq_0.001
      hash: md5
      md5: 984f10f031deb5d36bca454c3045ea3c.dir
      size: 1718905
      nfiles: 4
    - path: data/sweep/fermi_mu_eq_0.005
      hash: md5
      md5: 57fd3491ad2cba5b0dff46eddde1bbb4.dir
      size: 1717632
      nfiles: 4
    - path: data/sweep/fermi_mu_eq_0.05
      hash: md5
      md5: c715a02f56724211601cd3da6bc1ba48.dir
      size: 1700915
      nfiles: 4
    - path: data/sweep/fermi_mu_eq_0.1
      hash: md5
      md5: c793a79730fae7043389b72acd976815.dir
      size: 1686651
      nfiles: 4
    - path: data/sweep/introspection_mu_eq_0.001
      hash: md5
      md5: e42ded9ccc6c5cd426bc043601cfb161.dir
      size: 1736312
      nfiles: 4
    - path: data/sweep/introspection_mu_eq_0.005
      hash: md5
      md5: 3433fe366f0f7d0df04421110a42efaf.dir
      size: 1736312
      nfiles: 4
    - path: data/sweep/introspection_mu_eq_0.05
      hash: md5
      md5: 9fb19a0f885c0b3b1293bab3ffa24956.dir
      size: 1728120
      nfiles: 4
    - path: data/sweep/introspection_mu_eq_0.1
      hash: md5
      md5: c19bd3276074c3cc650ddf8c413d8351.dir
      size: 1719928
      nfiles: 4
    - path: data/sweep/moran_mu_eq_0.001
      hash: md5
      md5: 86b94ae0ca93e10ed660744cdfc01cd6.dir
      size: 1719071
      nfiles: 4
    - path: data/sweep/moran_mu_eq_0.005
      hash: md5
      md5: 11a5298214ae03d9eafa4ea32d440138.dir
      size: 1724633
      nfiles: 4
    - path: data/sweep/moran_mu_eq_0.05
      hash: md5
      md5: 40ca26b60cbc2f8bacedcca1a18963b3.dir
      size: 1719258
      nfiles: 4
    - path: data/sweep/moran_mu_eq_0.1
      hash: md5
      md5: d34884758c3c0221b6101e2fc9c4df26.dir
      size: 1708820
      nfiles: 4
